
Microsoft Visual Studio Solution File, Format Version 12.00
# Visual Studio Version 17
VisualStudioVersion = 17.3.32929.385
MinimumVisualStudioVersion = 10.0.40219.1
Project("{9A19103F-16F7-4668-BE54-9A1E7A4F7556}") = "EmployeeManagement", "EmployeeManagement.csproj", "{3A6B88B1-8E27-4320-AB61-D4384E4D68DF}"
EndProject
Global
	GlobalSection(SolutionConfigurationPlatforms) = preSolution
		Debug|Any CPU = Debug|Any CPU
		Release|Any CPU = Release|Any CPU
	EndGlobalSection
	GlobalSection(ProjectConfigurationPlatforms) = postSolution
		{3A6B88B1-8E27-4320-AB61-D4384E4D68DF}.Debug|Any CPU.ActiveCfg = Debug|Any CPU
		{3A6B88B1-8E27-4320-AB61-D4384E4D68DF}.Debug|Any CPU.Build.0 = Debug|Any CPU
		{3A6B88B1-8E27-4320-AB61-D4384E4D68DF}.Release|Any CPU.ActiveCfg = Release|Any CPU
		{3A6B88B1-8E27-4320-AB61-D4384E4D68DF}.Release|Any CPU.Build.0 = Release|Any CPU
	EndGlobalSection
	GlobalSection(SolutionProperties) = preSolution
		HideSolutionNode = FALSE
	EndGlobalSection
	GlobalSection(ExtensibilityGlobals) = postSolution
		SolutionGuid = {649C6C4F-8985-4B62-A11F-7536EC823AB4}
	EndGlobalSection
EndGlobal
